// !$*UTF8*$!
{
	archiveVersion = 1;
	classes = {
	};
	objectVersion = 77;
	objects = {

/* Begin PBXBuildFile section */
		DB2C34392E9AB557005AC81B /* SDWebImage in Frameworks */ = {isa = PBXBuildFile; productRef = DB2C34382E9AB557005AC81B /* SDWebImage */; };
		DB2C343C2E9AB65B005AC81B /* SDWebImageSwiftUI in Frameworks */ = {isa = PBXBuildFile; productRef = DB2C343B2E9AB65B005AC81B /* SDWebImageSwiftUI */; };
/* End PBXBuildFile section */

/* Begin PBXContainerItemProxy section */
		DBCB732D2E9A133C00D1B8C0 /* PBXContainerItemProxy */ = {
			isa = PBXContainerItemProxy;
			containerPortal = DBCB73172E9A133B00D1B8C0 /* Project object */;
			proxyType = 1;
			remoteGlobalIDString = DBCB731E2E9A133B00D1B8C0;
			remoteInfo = SpaceNews;
		};
		DBCB73372E9A133C00D1B8C0 /* PBXContainerItemProxy */ = {
			isa = PBXContainerItemProxy;
			containerPortal = DBCB73172E9A133B00D1B8C0 /* Project object */;
			proxyType = 1;
			remoteGlobalIDString = DBCB731E2E9A133B00D1B8C0;
			remoteInfo = SpaceNews;
		};
/* End PBXContainerItemProxy section */

/* Begin PBXFileReference section */
		DBCB731F2E9A133B00D1B8C0 /* SpaceNews.app */ = {isa = PBXFileReference; explicitFileType = wrapper.application; includeInIndex = 0; path = SpaceNews.app; sourceTree = BUILT_PRODUCTS_DIR; };
		DBCB732C2E9A133C00D1B8C0 /* SpaceNewsTests.xctest */ = {isa = PBXFileReference; explicitFileType = wrapper.cfbundle; includeInIndex = 0; path = SpaceNewsTests.xctest; sourceTree = BUILT_PRODUCTS_DIR; };
		DBCB73362E9A133C00D1B8C0 /* SpaceNewsUITests.xctest */ = {isa = PBXFileReference; explicitFileType = wrapper.cfbundle; includeInIndex = 0; path = SpaceNewsUITests.xctest; sourceTree = BUILT_PRODUCTS_DIR; };
/* End PBXFileReference section */

/* Begin PBXFileSystemSynchronizedRootGroup section */
		DBCB73212E9A133B00D1B8C0 /* SpaceNews */ = {
			isa = PBXFileSystemSynchronizedRootGroup;
			path = SpaceNews;
			sourceTree = "<group>";
		};
		DBCB732F2E9A133C00D1B8C0 /* SpaceNewsTests */ = {
			isa = PBXFileSystemSynchronizedRootGroup;
			path = SpaceNewsTests;
			sourceTree = "<group>";
		};
		DBCB73392E9A133C00D1B8C0 /* SpaceNewsUITests */ = {
			isa = PBXFileSystemSynchronizedRootGroup;
			path = SpaceNewsUITests;
			sourceTree = "<group>";
		};
/* End PBXFileSystemSynchronizedRootGroup section */

/* Begin PBXFrameworksBuildPhase section */
		DBCB731C2E9A133B00D1B8C0 /* Frameworks */ = {
			isa = PBXFrameworksBuildPhase;
			buildActionMask = 2147483647;
			files = (
				DB2C343C2E9AB65B005AC81B /* SDWebImageSwiftUI in Frameworks */,
				DB2C34392E9AB557005AC81B /* SDWebImage in Frameworks */,
			);
			runOnlyForDeploymentPostprocessing = 0;
		};
		DBCB73292E9A133C00D1B8C0 /* Frameworks */ = {
			isa = PBXFrameworksBuildPhase;
			buildActionMask = 2147483647;
			files = (
			);
			runOnlyForDeploymentPostprocessing = 0;
		};
		DBCB73332E9A133C00D1B8C0 /* Frameworks */ = {
			isa = PBXFrameworksBuildPhase;
			buildActionMask = 2147483647;
			files = (
			);
			runOnlyForDeploymentPostprocessing = 0;
		};
/* End PBXFrameworksBuildPhase section */

/* Begin PBXGroup section */
		DB2C34372E9AB557005AC81B /* Frameworks */ = {
			isa = PBXGroup;
			children = (
			);
			name = Frameworks;
			sourceTree = "<group>";
		};
		DBCB73162E9A133B00D1B8C0 = {
			isa = PBXGroup;
			children = (
				DBCB73212E9A133B00D1B8C0 /* SpaceNews */,
				DBCB732F2E9A133C00D1B8C0 /* SpaceNewsTests */,
				DBCB73392E9A133C00D1B8C0 /* SpaceNewsUITests */,
				DB2C34372E9AB557005AC81B /* Frameworks */,
				DBCB73202E9A133B00D1B8C0 /* Products */,
			);
			sourceTree = "<group>";
		};
		DBCB73202E9A133B00D1B8C0 /* Products */ = {
			isa = PBXGroup;
			children = (
				DBCB731F2E9A133B00D1B8C0 /* SpaceNews.app */,
				DBCB732C2E9A133C00D1B8C0 /* SpaceNewsTests.xctest */,
				DBCB73362E9A133C00D1B8C0 /* SpaceNewsUITests.xctest */,
			);
			name = Products;
			sourceTree = "<group>";
		};
/* End PBXGroup section */

/* Begin PBXNativeTarget section */
		DBCB731E2E9A133B00D1B8C0 /* SpaceNews */ = {
			isa = PBXNativeTarget;
			buildConfigurationList = DBCB73402E9A133C00D1B8C0 /* Build configuration list for PBXNativeTarget "SpaceNews" */;
			buildPhases = (
				DBCB731B2E9A133B00D1B8C0 /* Sources */,
				DBCB731C2E9A133B00D1B8C0 /* Frameworks */,
				DBCB731D2E9A133B00D1B8C0 /* Resources */,
			);
			buildRules = (
			);
			dependencies = (
			);
			fileSystemSynchronizedGroups = (
				DBCB73212E9A133B00D1B8C0 /* SpaceNews */,
			);
			name = SpaceNews;
			packageProductDependencies = (
				DB2C34382E9AB557005AC81B /* SDWebImage */,
				DB2C343B2E9AB65B005AC81B /* SDWebImageSwiftUI */,
			);
			productName = SpaceNews;
			productReference = DBCB731F2E9A133B00D1B8C0 /* SpaceNews.app */;
			productType = "com.apple.product-type.application";
		};
		DBCB732B2E9A133C00D1B8C0 /* SpaceNewsTests */ = {
			isa = PBXNativeTarget;
			buildConfigurationList = DBCB73432E9A133C00D1B8C0 /* Build configuration list for PBXNativeTarget "SpaceNewsTests" */;
			buildPhases = (
				DBCB73282E9A133C00D1B8C0 /* Sources */,
				DBCB73292E9A133C00D1B8C0 /* Frameworks */,
				DBCB732A2E9A133C00D1B8C0 /* Resources */,
			);
			buildRules = (
			);
			dependencies = (
				DBCB732E2E9A133C00D1B8C0 /* PBXTargetDependency */,
			);
			fileSystemSynchronizedGroups = (
				DBCB732F2E9A133C00D1B8C0 /* SpaceNewsTests */,
			);
			name = SpaceNewsTests;
			packageProductDependencies = (
			);
			productName = SpaceNewsTests;
			productReference = DBCB732C2E9A133C00D1B8C0 /* SpaceNewsTests.xctest */;
			productType = "com.apple.product-type.bundle.unit-test";
		};
		DBCB73352E9A133C00D1B8C0 /* SpaceNewsUITests */ = {
			isa = PBXNativeTarget;
			buildConfigurationList = DBCB73462E9A133C00D1B8C0 /* Build configuration list for PBXNativeTarget "SpaceNewsUITests" */;
			buildPhases = (
				DBCB73322E9A133C00D1B8C0 /* Sources */,
				DBCB73332E9A133C00D1B8C0 /* Frameworks */,
				DBCB73342E9A133C00D1B8C0 /* Resources */,
			);
			buildRules = (
			);
			dependencies = (
				DBCB73382E9A133C00D1B8C0 /* PBXTargetDependency */,
			);
			name = SpaceNewsUITests;
			packageProductDependencies = (
			);
			productName = SpaceNewsUITests;
			productReference = DBCB73362E9A133C00D1B8C0 /* SpaceNewsUITests.xctest */;
			productType = "com.apple.product-type.bundle.ui-testing";
		};
/* End PBXNativeTarget section */

/* Begin PBXProject section */
		DBCB73172E9A133B00D1B8C0 /* Project object */ = {
			isa = PBXProject;
			attributes = {
				BuildIndependentTargetsInParallel = 1;
				LastSwiftUpdateCheck = 2600;
				LastUpgradeCheck = 2600;
				TargetAttributes = {
					DBCB731E2E9A133B00D1B8C0 = {
						CreatedOnToolsVersion = 26.0;
					};
					DBCB732B2E9A133C00D1B8C0 = {
						CreatedOnToolsVersion = 26.0;
						TestTargetID = DBCB731E2E9A133B00D1B8C0;
					};
					DBCB73352E9A133C00D1B8C0 = {
						CreatedOnToolsVersion = 26.0;
						TestTargetID = DBCB731E2E9A133B00D1B8C0;
					};
				};
			};
			buildConfigurationList = DBCB731A2E9A133B00D1B8C0 /* Build configuration list for PBXProject "SpaceNews" */;
			developmentRegion = en;
			hasScannedForEncodings = 0;
			knownRegions = (
				en,
				Base,
			);
			mainGroup = DBCB73162E9A133B00D1B8C0;
			minimizedProjectReferenceProxies = 1;
			packageReferences = (
				DB15B01D2E9AB49F00F4C04F /* XCRemoteSwiftPackageReference "SDWebImage" */,
				DB2C343A2E9AB653005AC81B /* XCRemoteSwiftPackageReference "SDWebImageSwiftUI" */,
			);
			preferredProjectObjectVersion = 77;
			productRefGroup = DBCB73202E9A133B00D1B8C0 /* Products */;
			projectDirPath = "";
			projectRoot = "";
			targets = (
				DBCB731E2E9A133B00D1B8C0 /* SpaceNews */,
				DBCB732B2E9A133C00D1B8C0 /* SpaceNewsTests */,
				DBCB73352E9A133C00D1B8C0 /* SpaceNewsUITests */,
			);
		};
/* End PBXProject section */

/* Begin PBXResourcesBuildPhase section */
		DBCB731D2E9A133B00D1B8C0 /* Resources */ = {
			isa = PBXResourcesBuildPhase;
			buildActionMask = 2147483647;
			files = (
			);
			runOnlyForDeploymentPostprocessing = 0;
		};
		DBCB732A2E9A133C00D1B8C0 /* Resources */ = {
			isa = PBXResourcesBuildPhase;
			buildActionMask = 2147483647;
			files = (
			);
			runOnlyForDeploymentPostprocessing = 0;
		};
		DBCB73342E9A133C00D1B8C0 /* Resources */ = {
			isa = PBXResourcesBuildPhase;
			buildActionMask = 2147483647;
			files = (
			);
			runOnlyForDeploymentPostprocessing = 0;
		};
/* End PBXResourcesBuildPhase section */

/* Begin PBXSourcesBuildPhase section */
		DBCB731B2E9A133B00D1B8C0 /* Sources */ = {
			isa = PBXSourcesBuildPhase;
			buildActionMask = 2147483647;
			files = (
			);
			runOnlyForDeploymentPostprocessing = 0;
		};
		DBCB73282E9A133C00D1B8C0 /* Sources */ = {
			isa = PBXSourcesBuildPhase;
			buildActionMask = 2147483647;
			files = (
			);
			runOnlyForDeploymentPostprocessing = 0;
		};
		DBCB73322E9A133C00D1B8C0 /* Sources */ = {
			isa = PBXSourcesBuildPhase;
			buildActionMask = 2147483647;
			files = (
			);
			runOnlyForDeploymentPostprocessing = 0;
		};
/* End PBXSourcesBuildPhase section */

/* Begin PBXTargetDependency section */
		DBCB732E2E9A133C00D1B8C0 /* PBXTargetDependency */ = {
			isa = PBXTargetDependency;
			target = DBCB731E2E9A133B00D1B8C0 /* SpaceNews */;
			targetProxy = DBCB732D2E9A133C00D1B8C0 /* PBXContainerItemProxy */;
		};
		DBCB73382E9A133C00D1B8C0 /* PBXTargetDependency */ = {
			isa = PBXTargetDependency;
			target = DBCB731E2E9A133B00D1B8C0 /* SpaceNews */;
			targetProxy = DBCB73372E9A133C00D1B8C0 /* PBXContainerItemProxy */;
		};
/* End PBXTargetDependency section */

/* Begin XCBuildConfiguration section */
		DBCB733E2E9A133C00D1B8C0 /* Debug */ = {
			isa = XCBuildConfiguration;
			buildSettings = {
				ALWAYS_SEARCH_USER_PATHS = NO;
				ASSETCATALOG_COMPILER_GENERATE_SWIFT_ASSET_SYMBOL_EXTENSIONS = YES;
				CLANG_ANALYZER_NONNULL = YES;
				CLANG_ANALYZER_NUMBER_OBJECT_CONVERSION = YES_AGGRESSIVE;
				CLANG_CXX_LANGUAGE_STANDARD = "gnu++20";
				CLANG_ENABLE_MODULES = YES;
				CLANG_ENABLE_OBJC_ARC = YES;
				CLANG_ENABLE_OBJC_WEAK = YES;
				CLANG_WARN_BLOCK_CAPTURE_AUTORELEASING = YES;
				CLANG_WARN_BOOL_CONVERSION = YES;
				CLANG_WARN_COMMA = YES;
				CLANG_WARN_CONSTANT_CONVERSION = YES;
				CLANG_WARN_DEPRECATED_OBJC_IMPLEMENTATIONS = YES;
				CLANG_WARN_DIRECT_OBJC_ISA_USAGE = YES_ERROR;
				CLANG_WARN_DOCUMENTATION_COMMENTS = YES;
				CLANG_WARN_EMPTY_BODY = YES;
				CLANG_WARN_ENUM_CONVERSION = YES;
				CLANG_WARN_INFINITE_RECURSION = YES;
				CLANG_WARN_INT_CONVERSION = YES;
				CLANG_WARN_NON_LITERAL_NULL_CONVERSION = YES;
				CLANG_WARN_OBJC_IMPLICIT_RETAIN_SELF = YES;
				CLANG_WARN_OBJC_LITERAL_CONVERSION = YES;
				CLANG_WARN_OBJC_ROOT_CLASS = YES_ERROR;
				CLANG_WARN_QUOTED_INCLUDE_IN_FRAMEWORK_HEADER = YES;
				CLANG_WARN_RANGE_LOOP_ANALYSIS = YES;
				CLANG_WARN_STRICT_PROTOTYPES = YES;
				CLANG_WARN_SUSPICIOUS_MOVE = YES;
				CLANG_WARN_UNGUARDED_AVAILABILITY = YES_AGGRESSIVE;
				CLANG_WARN_UNREACHABLE_CODE = YES;
				CLANG_WARN__DUPLICATE_METHOD_MATCH = YES;
				COPY_PHASE_STRIP = NO;
				DEBUG_INFORMATION_FORMAT = dwarf;
				ENABLE_STRICT_OBJC_MSGSEND = YES;
				ENABLE_TESTABILITY = YES;
				ENABLE_USER_SCRIPT_SANDBOXING = YES;
				GCC_C_LANGUAGE_STANDARD = gnu17;
				GCC_DYNAMIC_NO_PIC = NO;
				GCC_NO_COMMON_BLOCKS = YES;
				GCC_OPTIMIZATION_LEVEL = 0;
				GCC_PREPROCESSOR_DEFINITIONS = (
					"DEBUG=1",
					"$(inherited)",
				);
				GCC_WARN_64_TO_32_BIT_CONVERSION = YES;
				GCC_WARN_ABOUT_RETURN_TYPE = YES_ERROR;
				GCC_WARN_UNDECLARED_SELECTOR = YES;
				GCC_WARN_UNINITIALIZED_AUTOS = YES_AGGRESSIVE;
				GCC_WARN_UNUSED_FUNCTION = YES;
				GCC_WARN_UNUSED_VARIABLE = YES;
				IPHONEOS_DEPLOYMENT_TARGET = 26.0;
				LOCALIZATION_PREFERS_STRING_CATALOGS = YES;
				MTL_ENABLE_DEBUG_INFO = INCLUDE_SOURCE;
				MTL_FAST_MATH = YES;
				ONLY_ACTIVE_ARCH = YES;
				SDKROOT = iphoneos;
				SWIFT_ACTIVE_COMPILATION_CONDITIONS = "DEBUG $(inherited)";
				SWIFT_OPTIMIZATION_LEVEL = "-Onone";
			};
			name = Debug;
		};
		DBCB733F2E9A133C00D1B8C0 /* Release */ = {
			isa = XCBuildConfiguration;
			buildSettings = {
				ALWAYS_SEARCH_USER_PATHS = NO;
				ASSETCATALOG_COMPILER_GENERATE_SWIFT_ASSET_SYMBOL_EXTENSIONS = YES;
				CLANG_ANALYZER_NONNULL = YES;
				CLANG_ANALYZER_NUMBER_OBJECT_CONVERSION = YES_AGGRESSIVE;
				CLANG_CXX_LANGUAGE_STANDARD = "gnu++20";
				CLANG_ENABLE_MODULES = YES;
				CLANG_ENABLE_OBJC_ARC = YES;
				CLANG_ENABLE_OBJC_WEAK = YES;
				CLANG_WARN_BLOCK_CAPTURE_AUTORELEASING = YES;
				CLANG_WARN_BOOL_CONVERSION = YES;
				CLANG_WARN_COMMA = YES;
				CLANG_WARN_CONSTANT_CONVERSION = YES;
				CLANG_WARN_DEPRECATED_OBJC_IMPLEMENTATIONS = YES;
				CLANG_WARN_DIRECT_OBJC_ISA_USAGE = YES_ERROR;
				CLANG_WARN_DOCUMENTATION_COMMENTS = YES;
				CLANG_WARN_EMPTY_BODY = YES;
				CLANG_WARN_ENUM_CONVERSION = YES;
				CLANG_WARN_INFINITE_RECURSION = YES;
				CLANG_WARN_INT_CONVERSION = YES;
				CLANG_WARN_NON_LITERAL_NULL_CONVERSION = YES;
				CLANG_WARN_OBJC_IMPLICIT_RETAIN_SELF = YES;
				CLANG_WARN_OBJC_LITERAL_CONVERSION = YES;
				CLANG_WARN_OBJC_ROOT_CLASS = YES_ERROR;
				CLANG_WARN_QUOTED_INCLUDE_IN_FRAMEWORK_HEADER = YES;
				CLANG_WARN_RANGE_LOOP_ANALYSIS = YES;
				CLANG_WARN_STRICT_PROTOTYPES = YES;
				CLANG_WARN_SUSPICIOUS_MOVE = YES;
				CLANG_WARN_UNGUARDED_AVAILABILITY = YES_AGGRESSIVE;
				CLANG_WARN_UNREACHABLE_CODE = YES;
				CLANG_WARN__DUPLICATE_METHOD_MATCH = YES;
				COPY_PHASE_STRIP = NO;
				DEBUG_INFORMATION_FORMAT = "dwarf-with-dsym";
				ENABLE_NS_ASSERTIONS = NO;
				ENABLE_STRICT_OBJC_MSGSEND = YES;
				ENABLE_USER_SCRIPT_SANDBOXING = YES;
				GCC_C_LANGUAGE_STANDARD = gnu17;
				GCC_NO_COMMON_BLOCKS = YES;
				GCC_WARN_64_TO_32_BIT_CONVERSION = YES;
				GCC_WARN_ABOUT_RETURN_TYPE = YES_ERROR;
				GCC_WARN_UNDECLARED_SELECTOR = YES;
				GCC_WARN_UNINITIALIZED_AUTOS = YES_AGGRESSIVE;
				GCC_WARN_UNUSED_FUNCTION = YES;
				GCC_WARN_UNUSED_VARIABLE = YES;
				IPHONEOS_DEPLOYMENT_TARGET = 26.0;
				LOCALIZATION_PREFERS_STRING_CATALOGS = YES;
				MTL_ENABLE_DEBUG_INFO = NO;
				MTL_FAST_MATH = YES;
				SDKROOT = iphoneos;
				SWIFT_COMPILATION_MODE = wholemodule;
				VALIDATE_PRODUCT = YES;
			};
			name = Release;
		};
		DBCB73412E9A133C00D1B8C0 /* Debug */ = {
			isa = XCBuildConfiguration;
			buildSettings = {
				ASSETCATALOG_COMPILER_APPICON_NAME = AppIcon;
				ASSETCATALOG_COMPILER_GLOBAL_ACCENT_COLOR_NAME = AccentColor;
				CODE_SIGN_STYLE = Automatic;
				CURRENT_PROJECT_VERSION = 1;
				DEVELOPMENT_TEAM = U5XENB9SM6;
				ENABLE_PREVIEWS = YES;
				GENERATE_INFOPLIST_FILE = YES;
				INFOPLIST_KEY_UIApplicationSceneManifest_Generation = YES;
				INFOPLIST_KEY_UIApplicationSupportsIndirectInputEvents = YES;
				INFOPLIST_KEY_UILaunchScreen_Generation = YES;
				INFOPLIST_KEY_UISupportedInterfaceOrientations_iPad = "UIInterfaceOrientationPortrait UIInterfaceOrientationPortraitUpsideDown UIInterfaceOrientationLandscapeLeft UIInterfaceOrientationLandscapeRight";
				INFOPLIST_KEY_UISupportedInterfaceOrientations_iPhone = "UIInterfaceOrientationPortrait UIInterfaceOrientationLandscapeLeft UIInterfaceOrientationLandscapeRight";
				IPHONEOS_DEPLOYMENT_TARGET = 26.0;
				LD_RUNPATH_SEARCH_PATHS = (
					"$(inherited)",
					"@executable_path/Frameworks",
				);
				MARKETING_VERSION = 1.0;
				PRODUCT_BUNDLE_IDENTIFIER = com.shamal.SpaceNews;
				PRODUCT_NAME = "$(TARGET_NAME)";
				STRING_CATALOG_GENERATE_SYMBOLS = YES;
				SWIFT_APPROACHABLE_CONCURRENCY = YES;
				SWIFT_DEFAULT_ACTOR_ISOLATION = MainActor;
				SWIFT_EMIT_LOC_STRINGS = YES;
				SWIFT_UPCOMING_FEATURE_MEMBER_IMPORT_VISIBILITY = YES;
				SWIFT_VERSION = 5.0;
				TARGETED_DEVICE_FAMILY = "1,2";
			};
			name = Debug;
		};
		DBCB73422E9A133C00D1B8C0 /* Release */ = {
			isa = XCBuildConfiguration;
			buildSettings = {
				ASSETCATALOG_COMPILER_APPICON_NAME = AppIcon;
				ASSETCATALOG_COMPILER_GLOBAL_ACCENT_COLOR_NAME = AccentColor;
				CODE_SIGN_STYLE = Automatic;
				CURRENT_PROJECT_VERSION = 1;
				DEVELOPMENT_TEAM = U5XENB9SM6;
				ENABLE_PREVIEWS = YES;
				GENERATE_INFOPLIST_FILE = YES;
				INFOPLIST_KEY_UIApplicationSceneManifest_Generation = YES;
				INFOPLIST_KEY_UIApplicationSupportsIndirectInputEvents = YES;
				INFOPLIST_KEY_UILaunchScreen_Generation = YES;
				INFOPLIST_KEY_UISupportedInterfaceOrientations_iPad = "UIInterfaceOrientationPortrait UIInterfaceOrientationPortraitUpsideDown UIInterfaceOrientationLandscapeLeft UIInterfaceOrientationLandscapeRight";
				INFOPLIST_KEY_UISupportedInterfaceOrientations_iPhone = "UIInterfaceOrientationPortrait UIInterfaceOrientationLandscapeLeft UIInterfaceOrientationLandscapeRight";
				IPHONEOS_DEPLOYMENT_TARGET = 26.0;
				LD_RUNPATH_SEARCH_PATHS = (
					"$(inherited)",
					"@executable_path/Frameworks",
				);
				MARKETING_VERSION = 1.0;
				PRODUCT_BUNDLE_IDENTIFIER = com.shamal.SpaceNews;
				PRODUCT_NAME = "$(TARGET_NAME)";
				STRING_CATALOG_GENERATE_SYMBOLS = YES;
				SWIFT_APPROACHABLE_CONCURRENCY = YES;
				SWIFT_DEFAULT_ACTOR_ISOLATION = MainActor;
				SWIFT_EMIT_LOC_STRINGS = YES;
				SWIFT_UPCOMING_FEATURE_MEMBER_IMPORT_VISIBILITY = YES;
				SWIFT_VERSION = 5.0;
				TARGETED_DEVICE_FAMILY = "1,2";
			};
			name = Release;
		};
		DBCB73442E9A133C00D1B8C0 /* Debug */ = {
			isa = XCBuildConfiguration;
			buildSettings = {
				BUNDLE_LOADER = "$(TEST_HOST)";
				CODE_SIGN_STYLE = Automatic;
				CURRENT_PROJECT_VERSION = 1;
				GENERATE_INFOPLIST_FILE = YES;
				IPHONEOS_DEPLOYMENT_TARGET = 18.0;
				MARKETING_VERSION = 1.0;
				PRODUCT_BUNDLE_IDENTIFIER = com.shamal.SpaceNewsTests;
				PRODUCT_NAME = "$(TARGET_NAME)";
				STRING_CATALOG_GENERATE_SYMBOLS = NO;
				SWIFT_APPROACHABLE_CONCURRENCY = YES;
				SWIFT_EMIT_LOC_STRINGS = NO;
				SWIFT_UPCOMING_FEATURE_MEMBER_IMPORT_VISIBILITY = YES;
				SWIFT_VERSION = 5.0;
				TARGETED_DEVICE_FAMILY = "1,2";
				TEST_HOST = "$(BUILT_PRODUCTS_DIR)/SpaceNews.app/$(BUNDLE_EXECUTABLE_FOLDER_PATH)/SpaceNews";
			};
			name = Debug;
		};
		DBCB73452E9A133C00D1B8C0 /* Release */ = {
			isa = XCBuildConfiguration;
			buildSettings = {
				BUNDLE_LOADER = "$(TEST_HOST)";
				CODE_SIGN_STYLE = Automatic;
				CURRENT_PROJECT_VERSION = 1;
				GENERATE_INFOPLIST_FILE = YES;
				IPHONEOS_DEPLOYMENT_TARGET = 18.0;
				MARKETING_VERSION = 1.0;
				PRODUCT_BUNDLE_IDENTIFIER = com.shamal.SpaceNewsTests;
				PRODUCT_NAME = "$(TARGET_NAME)";
				STRING_CATALOG_GENERATE_SYMBOLS = NO;
				SWIFT_APPROACHABLE_CONCURRENCY = YES;
				SWIFT_EMIT_LOC_STRINGS = NO;
				SWIFT_UPCOMING_FEATURE_MEMBER_IMPORT_VISIBILITY = YES;
				SWIFT_VERSION = 5.0;
				TARGETED_DEVICE_FAMILY = "1,2";
				TEST_HOST = "$(BUILT_PRODUCTS_DIR)/SpaceNews.app/$(BUNDLE_EXECUTABLE_FOLDER_PATH)/SpaceNews";
			};
			name = Release;
		};
		DBCB73472E9A133C00D1B8C0 /* Debug */ = {
			isa = XCBuildConfiguration;
			buildSettings = {
				CODE_SIGN_STYLE = Automatic;
				CURRENT_PROJECT_VERSION = 1;
				GENERATE_INFOPLIST_FILE = YES;
				IPHONEOS_DEPLOYMENT_TARGET = 26.0;
				MARKETING_VERSION = 1.0;
				PRODUCT_BUNDLE_IDENTIFIER = com.shamal.SpaceNewsUITests;
				PRODUCT_NAME = "$(TARGET_NAME)";
				PROVISIONING_PROFILE = "";
				STRING_CATALOG_GENERATE_SYMBOLS = NO;
				SWIFT_APPROACHABLE_CONCURRENCY = YES;
				SWIFT_EMIT_LOC_STRINGS = NO;
				SWIFT_UPCOMING_FEATURE_MEMBER_IMPORT_VISIBILITY = YES;
				SWIFT_VERSION = 5.0;
				TARGETED_DEVICE_FAMILY = "1,2";
				TEST_TARGET_NAME = SpaceNews;
			};
			name = Debug;
		};
		DBCB73482E9A133C00D1B8C0 /* Release */ = {
			isa = XCBuildConfiguration;
			buildSettings = {
				CODE_SIGN_STYLE = Automatic;
				CURRENT_PROJECT_VERSION = 1;
				GENERATE_INFOPLIST_FILE = YES;
				IPHONEOS_DEPLOYMENT_TARGET = 26.0;
				MARKETING_VERSION = 1.0;
				PRODUCT_BUNDLE_IDENTIFIER = com.shamal.SpaceNewsUITests;
				PRODUCT_NAME = "$(TARGET_NAME)";
				PROVISIONING_PROFILE = "";
				STRING_CATALOG_GENERATE_SYMBOLS = NO;
				SWIFT_APPROACHABLE_CONCURRENCY = YES;
				SWIFT_EMIT_LOC_STRINGS = NO;
				SWIFT_UPCOMING_FEATURE_MEMBER_IMPORT_VISIBILITY = YES;
				SWIFT_VERSION = 5.0;
				TARGETED_DEVICE_FAMILY = "1,2";
				TEST_TARGET_NAME = SpaceNews;
			};
			name = Release;
		};
/* End XCBuildConfiguration section */

/* Begin XCConfigurationList section */
		DBCB731A2E9A133B00D1B8C0 /* Build configuration list for PBXProject "SpaceNews" */ = {
			isa = XCConfigurationList;
			buildConfigurations = (
				DBCB733E2E9A133C00D1B8C0 /* Debug */,
				DBCB733F2E9A133C00D1B8C0 /* Release */,
			);
			defaultConfigurationIsVisible = 0;
			defaultConfigurationName = Release;
		};
		DBCB73402E9A133C00D1B8C0 /* Build configuration list for PBXNativeTarget "SpaceNews" */ = {
			isa = XCConfigurationList;
			buildConfigurations = (
				DBCB73412E9A133C00D1B8C0 /* Debug */,
				DBCB73422E9A133C00D1B8C0 /* Release */,
			);
			defaultConfigurationIsVisible = 0;
			defaultConfigurationName = Release;
		};
		DBCB73432E9A133C00D1B8C0 /* Build configuration list for PBXNativeTarget "SpaceNewsTests" */ = {
			isa = XCConfigurationList;
			buildConfigurations = (
				DBCB73442E9A133C00D1B8C0 /* Debug */,
				DBCB73452E9A133C00D1B8C0 /* Release */,
			);
			defaultConfigurationIsVisible = 0;
			defaultConfigurationName = Release;
		};
		DBCB73462E9A133C00D1B8C0 /* Build configuration list for PBXNativeTarget "SpaceNewsUITests" */ = {
			isa = XCConfigurationList;
			buildConfigurations = (
				DBCB73472E9A133C00D1B8C0 /* Debug */,
				DBCB73482E9A133C00D1B8C0 /* Release */,
			);
			defaultConfigurationIsVisible = 0;
			defaultConfigurationName = Release;
		};
/* End XCConfigurationList section */

/* Begin XCRemoteSwiftPackageReference section */
		DB15B01D2E9AB49F00F4C04F /* XCRemoteSwiftPackageReference "SDWebImage" */ = {
			isa = XCRemoteSwiftPackageReference;
			repositoryURL = "https://github.com/SDWebImage/SDWebImage.git";
			requirement = {
				kind = exactVersion;
				version = 5.21.2;
			};
		};
		DB2C343A2E9AB653005AC81B /* XCRemoteSwiftPackageReference "SDWebImageSwiftUI" */ = {
			isa = XCRemoteSwiftPackageReference;
			repositoryURL = "https://github.com/SDWebImage/SDWebImageSwiftUI.git";
			requirement = {
				kind = upToNextMajorVersion;
				minimumVersion = 3.1.3;
			};
		};
/* End XCRemoteSwiftPackageReference section */

/* Begin XCSwiftPackageProductDependency section */
		DB2C34382E9AB557005AC81B /* SDWebImage */ = {
			isa = XCSwiftPackageProductDependency;
			package = DB15B01D2E9AB49F00F4C04F /* XCRemoteSwiftPackageReference "SDWebImage" */;
			productName = SDWebImage;
		};
		DB2C343B2E9AB65B005AC81B /* SDWebImageSwiftUI */ = {
			isa = XCSwiftPackageProductDependency;
			package = DB2C343A2E9AB653005AC81B /* XCRemoteSwiftPackageReference "SDWebImageSwiftUI" */;
			productName = SDWebImageSwiftUI;
		};
/* End XCSwiftPackageProductDependency section */
	};
	rootObject = DBCB73172E9A133B00D1B8C0 /* Project object */;
}
